
Microsoft Visual Studio Solution File, Format Version 12.00
# Visual Studio Version 17
VisualStudioVersion = 17.4.33205.214
MinimumVisualStudioVersion = 10.0.40219.1
Project("{FAE04EC0-301F-11D3-BF4B-00C04F79EFBC}") = "FolderMonitor", "FolderMonitor\FolderMonitor.csproj", "{300EC59B-7300-4404-8128-0F9F769A580F}"
EndProject
Global
	GlobalSection(SolutionConfigurationPlatforms) = preSolution
		Debug|Any CPU = Debug|Any CPU
		Release|Any CPU = Release|Any CPU
	EndGlobalSection
	GlobalSection(ProjectConfigurationPlatforms) = postSolution
		{300EC59B-7300-4404-8128-0F9F769A580F}.Debug|Any CPU.ActiveCfg = Debug|Any CPU
		{300EC59B-7300-4404-8128-0F9F769A580F}.Debug|Any CPU.Build.0 = Debug|Any CPU
		{300EC59B-7300-4404-8128-0F9F769A580F}.Release|Any CPU.ActiveCfg = Release|Any CPU
		{300EC59B-7300-4404-8128-0F9F769A580F}.Release|Any CPU.Build.0 = Release|Any CPU
	EndGlobalSection
	GlobalSection(SolutionProperties) = preSolution
		HideSolutionNode = FALSE
	EndGlobalSection
	GlobalSection(ExtensibilityGlobals) = postSolution
		SolutionGuid = {B71D7FE4-89FF-4F6A-AE7B-68C47459F257}
	EndGlobalSection
EndGlobal
